<Solution>
  <Project Path="Kiwi2Shop.ApiGateWay/Kiwi2Shop.GateWay.csproj" />
  <Project Path="Kiwi2Shop.Frontend/kiwi2shop.frontend.esproj">
    <Build />
    <Deploy />
  </Project>
  <Project Path="Kiwi2Shop.identity/Kiwi2Shop.identity.csproj" />
  <Project Path="Kiwi2Shop.ServiceDefaults/Kiwi2Shop.ServiceDefaults.csproj" Id="1cd976db-bbd5-4f45-a313-3612ae53c63e" />
  <Project Path="Kiwi2Shop/Kiwi2Shop.csproj" />
</Solution>
